
Microsoft Visual Studio Solution File, Format Version 12.00
# Visual Studio Version 17
VisualStudioVersion = 17.5.002.0
MinimumVisualStudioVersion = 10.0.40219.1
Project("{9A19103F-16F7-4668-BE54-9A1E7A4F7556}") = "blazor", "blazor.csproj", "{921C9111-D6F3-45AE-9C38-63B8B2BA423B}"
EndProject
Global
	GlobalSection(SolutionConfigurationPlatforms) = preSolution
		Debug|Any CPU = Debug|Any CPU
		Release|Any CPU = Release|Any CPU
	EndGlobalSection
	GlobalSection(ProjectConfigurationPlatforms) = postSolution
		{921C9111-D6F3-45AE-9C38-63B8B2BA423B}.Debug|Any CPU.ActiveCfg = Debug|Any CPU
		{921C9111-D6F3-45AE-9C38-63B8B2BA423B}.Debug|Any CPU.Build.0 = Debug|Any CPU
		{921C9111-D6F3-45AE-9C38-63B8B2BA423B}.Release|Any CPU.ActiveCfg = Release|Any CPU
		{921C9111-D6F3-45AE-9C38-63B8B2BA423B}.Release|Any CPU.Build.0 = Release|Any CPU
	EndGlobalSection
	GlobalSection(SolutionProperties) = preSolution
		HideSolutionNode = FALSE
	EndGlobalSection
	GlobalSection(ExtensibilityGlobals) = postSolution
		SolutionGuid = {1A188B32-99DB-478B-BB1C-B097DFFD22E9}
	EndGlobalSection
EndGlobal
